	<Project xmlns="http://schemas.microsoft.com/developer/msbuild/2003">
		<PropertyGroup>
			<ProjectGuid>{D61E702B-7CEF-4153-8827-35F0EC2124BA}</ProjectGuid>
			<MainSource>SNGPC.dpr</MainSource>
			<Config Condition="'$(Config)'==''">Debug</Config>
			<DCC_DCCCompiler>DCC32</DCC_DCCCompiler>
			<ProjectVersion>13.4</ProjectVersion>
			<FrameworkType>VCL</FrameworkType>
			<Base>True</Base>
			<Platform Condition="'$(Platform)'==''">Win32</Platform>
			<TargetedPlatforms>1</TargetedPlatforms>
			<AppType>Application</AppType>
		</PropertyGroup>
		<PropertyGroup Condition="'$(Config)'=='Base' or '$(Base)'!=''">
			<Base>true</Base>
		</PropertyGroup>
		<PropertyGroup Condition="('$(Platform)'=='Win32' and '$(Base)'=='true') or '$(Base_Win32)'!=''">
			<Base_Win32>true</Base_Win32>
			<CfgParent>Base</CfgParent>
			<Base>true</Base>
		</PropertyGroup>
		<PropertyGroup Condition="'$(Config)'=='Release' or '$(Cfg_1)'!=''">
			<Cfg_1>true</Cfg_1>
			<CfgParent>Base</CfgParent>
			<Base>true</Base>
		</PropertyGroup>
		<PropertyGroup Condition="'$(Config)'=='Debug' or '$(Cfg_2)'!=''">
			<Cfg_2>true</Cfg_2>
			<CfgParent>Base</CfgParent>
			<Base>true</Base>
		</PropertyGroup>
		<PropertyGroup Condition="'$(Base)'!=''">
			<DCC_Namespace>Vcl;Vcl.Imaging;Vcl.Touch;Vcl.Samples;Vcl.Shell;System;Xml;Data;Datasnap;Web;Soap;Winapi;Xml.Win;$(DCC_Namespace)</DCC_Namespace>
			<VerInfo_Keys>CompanyName=;FileDescription=;FileVersion=1.0.0.0;InternalName=;LegalCopyright=;LegalTrademarks=;OriginalFilename=;ProductName=;ProductVersion=1.0.0.0;Comments=</VerInfo_Keys>
			<VerInfo_Locale>1046</VerInfo_Locale>
			<DCC_DependencyCheckOutputName>SNGPC.exe</DCC_DependencyCheckOutputName>
			<DCC_ImageBase>00400000</DCC_ImageBase>
			<DCC_Platform>x86</DCC_Platform>
		</PropertyGroup>
		<PropertyGroup Condition="'$(Base_Win32)'!=''">
			<VerInfo_IncludeVerInfo>true</VerInfo_IncludeVerInfo>
			<DCC_Namespace>Winapi;System.Win;Data.Win;Datasnap.Win;Web.Win;Soap.Win;Xml.Win;Bde;$(DCC_Namespace)</DCC_Namespace>
			<VerInfo_Keys>CompanyName=;FileDescription=;FileVersion=1.0.0.0;InternalName=;LegalCopyright=;LegalTrademarks=;OriginalFilename=;ProductName=;ProductVersion=1.0.0.0;Comments=</VerInfo_Keys>
			<VerInfo_Locale>1033</VerInfo_Locale>
			<Manifest_File>$(BDS)\bin\default_app.manifest</Manifest_File>
		</PropertyGroup>
		<PropertyGroup Condition="'$(Cfg_1)'!=''">
			<DCC_LocalDebugSymbols>false</DCC_LocalDebugSymbols>
			<DCC_Define>RELEASE;$(DCC_Define)</DCC_Define>
			<DCC_SymbolReferenceInfo>0</DCC_SymbolReferenceInfo>
			<DCC_DebugInformation>false</DCC_DebugInformation>
		</PropertyGroup>
		<PropertyGroup Condition="'$(Cfg_2)'!=''">
			<DCC_Define>DEBUG;$(DCC_Define)</DCC_Define>
		</PropertyGroup>
		<ItemGroup>
			<DelphiCompile Include="$(MainSource)">
				<MainSource>MainSource</MainSource>
			</DelphiCompile>
			<DCCReference Include="Menu\Menu.pas">
				<Form>fMenu</Form>
			</DCCReference>
			<DCCReference Include="Balanco\Balanco_Aquisicoes.pas">
				<Form>fBalancoAquisicoes</Form>
			</DCCReference>
			<DCCReference Include="Balanco\Balanco_Completo.pas">
				<Form>fBalancoCompleto</Form>
			</DCCReference>
			<DCCReference Include="Balanco\Balanco_Pagina_Rosto.pas">
				<Form>fBalancoPaginaRosto</Form>
			</DCCReference>
			<DCCReference Include="Clientes\Clientes.pas">
				<Form>fClientes</Form>
			</DCCReference>
			<DCCReference Include="Empresa\Empresa.pas">
				<Form>fEmpresa</Form>
			</DCCReference>
			<DCCReference Include="entradas\Entradas.pas">
				<Form>fEntradas</Form>
			</DCCReference>
			<DCCReference Include="Entradas\ImportarXML.pas">
				<Form>fImportarXML</Form>
			</DCCReference>
			<DCCReference Include="Entradas\RelEntradas.pas">
				<Form>fRelEntradas</Form>
			</DCCReference>
			<DCCReference Include="Entradas\SelRelEntradas.pas">
				<Form>fSelRelEntradas</Form>
			</DCCReference>
			<DCCReference Include="EnviarAnvisa\EnviarArquivo.pas"/>
			<DCCReference Include="Funcoes\Funcoes.pas"/>
			<DCCReference Include="Funcoes\md5.pas"/>
			<DCCReference Include="Funcoes\Senha.pas">
				<Form>fSenha</Form>
			</DCCReference>
			<DCCReference Include="Informacao\informac.pas">
				<Form>Informa</Form>
			</DCCReference>
			<DCCReference Include="Inventario\Inventario.pas">
				<Form>fInventario</Form>
			</DCCReference>
			<DCCReference Include="Inventario\RelInventario.pas">
				<Form>fRelInventario</Form>
			</DCCReference>
			<DCCReference Include="Laboratorio\Laboratorios.pas">
				<Form>fLaboratorios</Form>
			</DCCReference>
			<DCCReference Include="Limpeza\Limpeza.pas">
				<Form>fLimpeza</Form>
			</DCCReference>
			<DCCReference Include="Medicamentos\Medicamentos.pas">
				<Form>fMedicamentos</Form>
			</DCCReference>
			<DCCReference Include="Medicamentos\RelMedicamentos.pas">
				<Form>fRelMedicamentos</Form>
			</DCCReference>
			<DCCReference Include="Medicos\Medicos.pas">
				<Form>fMedicos</Form>
			</DCCReference>
			<DCCReference Include="Perdas\Perdas.pas">
				<Form>fPerdas</Form>
			</DCCReference>
			<DCCReference Include="Perdas\RelPerdas.pas">
				<Form>fRelPerdas</Form>
			</DCCReference>
			<DCCReference Include="Perdas\SelRelPerdas.pas">
				<Form>fSelRelPerdas</Form>
			</DCCReference>
			<DCCReference Include="Saidas\ImportarSaidas.pas">
				<Form>fImportarSaidas</Form>
			</DCCReference>
			<DCCReference Include="Saidas\RelSaidas.pas">
				<Form>fRelSaidas</Form>
			</DCCReference>
			<DCCReference Include="Saidas\Saidas.pas">
				<Form>fSaidas</Form>
			</DCCReference>
			<DCCReference Include="Saidas\SelRelSaidas.pas">
				<Form>fSelRelSaidas</Form>
			</DCCReference>
			<DCCReference Include="Transferencias\Transferencia.pas">
				<Form>fTransferencia</Form>
			</DCCReference>
			<DCCReference Include="Balanco\Selecao_Balanco_Pagina_Rosto.pas">
				<Form>fSelBalancoPaginaRosto</Form>
			</DCCReference>
			<DCCReference Include="Balanco\Selecao_Balanco_Completo.pas">
				<Form>fSelBalancoCompleto</Form>
			</DCCReference>
			<DCCReference Include="Balanco\Selecao_Balanco_Aquisicao.pas">
				<Form>fSelBalancoAquisicao</Form>
			</DCCReference>
			<DCCReference Include="Saidas\PesqMedicSaidas.pas">
				<Form>fPesqMecSaidas</Form>
			</DCCReference>
			<DCCReference Include="Entradas\PesqMedicEntradas.pas">
				<Form>fPesqMecEntradas</Form>
			</DCCReference>
			<DCCReference Include="ConsultaSQL\HelpSql.pas">
				<Form>fHelpSql</Form>
			</DCCReference>
			<DCCReference Include="ConsultaSQL\SQLExec.pas">
				<Form>fSQLExec</Form>
			</DCCReference>
			<DCCReference Include="Entradas\ImportarEntradas.pas">
				<Form>fImportarEntradas</Form>
			</DCCReference>
			<DCCReference Include="EnviarAnvisa\EnviarAnvisa.pas">
				<Form>fEnviarAnvisa</Form>
			</DCCReference>
			<DCCReference Include="Backup\FBackupRestore.pas">
				<Form>FrmBackupRestore</Form>
			</DCCReference>
			<DCCReference Include="Splash\U_Splash.pas">
				<Form>F_Splash</Form>
			</DCCReference>
			<BuildConfiguration Include="Debug">
				<Key>Cfg_2</Key>
				<CfgParent>Base</CfgParent>
			</BuildConfiguration>
			<BuildConfiguration Include="Base">
				<Key>Base</Key>
			</BuildConfiguration>
			<BuildConfiguration Include="Release">
				<Key>Cfg_1</Key>
				<CfgParent>Base</CfgParent>
			</BuildConfiguration>
		</ItemGroup>
		<Import Condition="Exists('$(BDS)\Bin\CodeGear.Delphi.Targets')" Project="$(BDS)\Bin\CodeGear.Delphi.Targets"/>
		<ProjectExtensions>
			<Borland.Personality>Delphi.Personality.12</Borland.Personality>
			<Borland.ProjectType>VCLApplication</Borland.ProjectType>
			<BorlandProject>
				<Delphi.Personality>
					<Source>
						<Source Name="MainSource">SNGPC.dpr</Source>
					</Source>
					<Parameters>
						<Parameters Name="UseLauncher">False</Parameters>
						<Parameters Name="LoadAllSymbols">True</Parameters>
						<Parameters Name="LoadUnspecifiedSymbols">False</Parameters>
					</Parameters>
					<Language>
						<Language Name="RootDir">C:\SNGPC\</Language>
					</Language>
					<VersionInfo>
						<VersionInfo Name="IncludeVerInfo">False</VersionInfo>
						<VersionInfo Name="AutoIncBuild">False</VersionInfo>
						<VersionInfo Name="MajorVer">1</VersionInfo>
						<VersionInfo Name="MinorVer">0</VersionInfo>
						<VersionInfo Name="Release">0</VersionInfo>
						<VersionInfo Name="Build">0</VersionInfo>
						<VersionInfo Name="Debug">False</VersionInfo>
						<VersionInfo Name="PreRelease">False</VersionInfo>
						<VersionInfo Name="Special">False</VersionInfo>
						<VersionInfo Name="Private">False</VersionInfo>
						<VersionInfo Name="DLL">False</VersionInfo>
						<VersionInfo Name="Locale">1046</VersionInfo>
						<VersionInfo Name="CodePage">1252</VersionInfo>
					</VersionInfo>
					<VersionInfoKeys>
						<VersionInfoKeys Name="CompanyName"/>
						<VersionInfoKeys Name="FileDescription"/>
						<VersionInfoKeys Name="FileVersion">1.0.0.0</VersionInfoKeys>
						<VersionInfoKeys Name="InternalName"/>
						<VersionInfoKeys Name="LegalCopyright"/>
						<VersionInfoKeys Name="LegalTrademarks"/>
						<VersionInfoKeys Name="OriginalFilename"/>
						<VersionInfoKeys Name="ProductName"/>
						<VersionInfoKeys Name="ProductVersion">1.0.0.0</VersionInfoKeys>
						<VersionInfoKeys Name="Comments"/>
					</VersionInfoKeys>
				</Delphi.Personality>
				<Platforms>
					<Platform value="Win64">False</Platform>
					<Platform value="Win32">True</Platform>
				</Platforms>
			</BorlandProject>
			<ProjectFileVersion>12</ProjectFileVersion>
		</ProjectExtensions>
		<Import Condition="Exists('$(APPDATA)\Embarcadero\$(BDSAPPDATABASEDIR)\$(PRODUCTVERSION)\UserTools.proj')" Project="$(APPDATA)\Embarcadero\$(BDSAPPDATABASEDIR)\$(PRODUCTVERSION)\UserTools.proj"/>
	</Project>
